
Microsoft Visual Studio Solution File, Format Version 12.00
# Visual Studio Version 16
VisualStudioVersion = 16.0.29806.167
MinimumVisualStudioVersion = 10.0.40219.1
Project("{FAE04EC0-301F-11D3-BF4B-00C04F79EFBC}") = "EncryptedChatClient", "EncryptedChatKursach\EncryptedChatClient.csproj", "{56A9AA48-2242-4648-9304-06FCD7B0435A}"
EndProject
Project("{FAE04EC0-301F-11D3-BF4B-00C04F79EFBC}") = "EncryptedChatServer", "EncryptedChatServer\EncryptedChatServer.csproj", "{B20DCC2F-E721-49AA-BBC9-3631911638AB}"
EndProject
Global
	GlobalSection(SolutionConfigurationPlatforms) = preSolution
		Debug|Any CPU = Debug|Any CPU
		Release|Any CPU = Release|Any CPU
	EndGlobalSection
	GlobalSection(ProjectConfigurationPlatforms) = postSolution
		{56A9AA48-2242-4648-9304-06FCD7B0435A}.Debug|Any CPU.ActiveCfg = Debug|Any CPU
		{56A9AA48-2242-4648-9304-06FCD7B0435A}.Debug|Any CPU.Build.0 = Debug|Any CPU
		{56A9AA48-2242-4648-9304-06FCD7B0435A}.Release|Any CPU.ActiveCfg = Release|Any CPU
		{56A9AA48-2242-4648-9304-06FCD7B0435A}.Release|Any CPU.Build.0 = Release|Any CPU
		{B20DCC2F-E721-49AA-BBC9-3631911638AB}.Debug|Any CPU.ActiveCfg = Debug|Any CPU
		{B20DCC2F-E721-49AA-BBC9-3631911638AB}.Debug|Any CPU.Build.0 = Debug|Any CPU
		{B20DCC2F-E721-49AA-BBC9-3631911638AB}.Release|Any CPU.ActiveCfg = Release|Any CPU
		{B20DCC2F-E721-49AA-BBC9-3631911638AB}.Release|Any CPU.Build.0 = Release|Any CPU
	EndGlobalSection
	GlobalSection(SolutionProperties) = preSolution
		HideSolutionNode = FALSE
	EndGlobalSection
	GlobalSection(ExtensibilityGlobals) = postSolution
		SolutionGuid = {904C98A1-1685-486D-A0BA-EFCC679A1B6D}
	EndGlobalSection
EndGlobal
